{
  "version": 4,
  "terraform_version": "1.4.6",
  "serial": 45,
  "lineage": "160630eb-1f8f-74ad-ebec-3ef05704b3c8",
  "outputs": {},
  "resources": [
    {
      "mode": "managed",
      "type": "azurerm_resource_group",
      "name": "rg1",
      "provider": "provider[\"registry.terraform.io/hashicorp/azurerm\"]",
      "instances": [
        {
          "schema_version": 0,
          "attributes": {
            "id": "/subscriptions/b4fbcc81-8ec1-4759-945c-cdbcfd35b926/resourceGroups/AppServiceRG",
            "location": "eastus",
            "name": "AppServiceRG",
            "tags": {},
            "timeouts": null
          },
          "sensitive_attributes": [],
          "private": "eyJlMmJmYjczMC1lY2FhLTExZTYtOGY4OC0zNDM2M2JjN2M0YzAiOnsiY3JlYXRlIjo1NDAwMDAwMDAwMDAwLCJkZWxldGUiOjU0MDAwMDAwMDAwMDAsInJlYWQiOjMwMDAwMDAwMDAwMCwidXBkYXRlIjo1NDAwMDAwMDAwMDAwfX0="
        }
      ]
    },
    {
      "mode": "managed",
      "type": "azurerm_service_plan",
      "name": "sp",
      "provider": "provider[\"registry.terraform.io/hashicorp/azurerm\"]",
      "instances": [
        {
          "schema_version": 0,
          "attributes": {
            "app_service_environment_id": "",
            "id": "/subscriptions/b4fbcc81-8ec1-4759-945c-cdbcfd35b926/resourceGroups/AppServiceRG/providers/Microsoft.Web/serverfarms/example",
            "kind": "app",
            "location": "eastus",
            "maximum_elastic_worker_count": 0,
            "name": "example",
            "os_type": "Windows",
            "per_site_scaling_enabled": false,
            "reserved": false,
            "resource_group_name": "AppServiceRG",
            "sku_name": "F1",
            "tags": {},
            "timeouts": null,
            "worker_count": 0
          },
          "sensitive_attributes": [],
          "private": "eyJlMmJmYjczMC1lY2FhLTExZTYtOGY4OC0zNDM2M2JjN2M0YzAiOnsiY3JlYXRlIjozNjAwMDAwMDAwMDAwLCJkZWxldGUiOjM2MDAwMDAwMDAwMDAsInJlYWQiOjMwMDAwMDAwMDAwMCwidXBkYXRlIjozNjAwMDAwMDAwMDAwfX0=",
          "dependencies": [
            "azurerm_resource_group.rg1"
          ]
        }
      ]
    },
    {
      "mode": "managed",
      "type": "azurerm_windows_web_app",
      "name": "app",
      "provider": "provider[\"registry.terraform.io/hashicorp/azurerm\"]",
      "instances": [
        {
          "schema_version": 0,
          "attributes": {
            "app_settings": {},
            "auth_settings": [
              {
                "active_directory": [],
                "additional_login_parameters": {},
                "allowed_external_redirect_urls": [],
                "default_provider": "",
                "enabled": false,
                "facebook": [],
                "github": [],
                "google": [],
                "issuer": "",
                "microsoft": [],
                "runtime_version": "",
                "token_refresh_extension_hours": 0,
                "token_store_enabled": false,
                "twitter": [],
                "unauthenticated_client_action": ""
              }
            ],
            "backup": [],
            "client_affinity_enabled": false,
            "client_certificate_enabled": false,
            "client_certificate_mode": "Required",
            "connection_string": [],
            "custom_domain_verification_id": "EE35A80284FDCE1E041C2A20767BC80CB3798DE42A4CD49AC3ACF187A1F195B2",
            "default_hostname": "restf.azurewebsites.net",
            "enabled": true,
            "https_only": false,
            "id": "/subscriptions/b4fbcc81-8ec1-4759-945c-cdbcfd35b926/resourceGroups/AppServiceRG/providers/Microsoft.Web/sites/resTF",
            "identity": [],
            "key_vault_reference_identity_id": "SystemAssigned",
            "kind": "app",
            "location": "eastus",
            "logs": [],
            "name": "resTF",
            "outbound_ip_address_list": [
              "20.237.31.25",
              "20.246.137.184",
              "20.246.138.49",
              "20.246.138.113",
              "20.246.138.205",
              "20.246.139.198",
              "20.119.8.36"
            ],
            "outbound_ip_addresses": "20.237.31.25,20.246.137.184,20.246.138.49,20.246.138.113,20.246.138.205,20.246.139.198,20.119.8.36",
            "possible_outbound_ip_address_list": [
              "20.237.31.25",
              "20.246.137.184",
              "20.246.138.49",
              "20.246.138.113",
              "20.246.138.205",
              "20.246.139.198",
              "20.246.139.207",
              "20.246.139.220",
              "20.246.139.252",
              "20.246.140.67",
              "20.246.140.77",
              "20.246.140.87",
              "20.246.140.96",
              "20.246.140.108",
              "20.246.140.136",
              "20.246.140.168",
              "20.246.140.182",
              "20.246.140.221",
              "20.246.141.59",
              "20.246.141.88",
              "20.246.141.129",
              "20.246.141.239",
              "20.237.26.27",
              "20.237.26.204",
              "20.237.26.231",
              "20.237.28.32",
              "20.237.28.73",
              "20.237.28.146",
              "20.237.29.75",
              "20.237.29.155",
              "20.119.8.36"
            ],
            "possible_outbound_ip_addresses": "20.237.31.25,20.246.137.184,20.246.138.49,20.246.138.113,20.246.138.205,20.246.139.198,20.246.139.207,20.246.139.220,20.246.139.252,20.246.140.67,20.246.140.77,20.246.140.87,20.246.140.96,20.246.140.108,20.246.140.136,20.246.140.168,20.246.140.182,20.246.140.221,20.246.141.59,20.246.141.88,20.246.141.129,20.246.141.239,20.237.26.27,20.237.26.204,20.237.26.231,20.237.28.32,20.237.28.73,20.237.28.146,20.237.29.75,20.237.29.155,20.119.8.36",
            "resource_group_name": "AppServiceRG",
            "service_plan_id": "/subscriptions/b4fbcc81-8ec1-4759-945c-cdbcfd35b926/resourceGroups/AppServiceRG/providers/Microsoft.Web/serverfarms/example",
            "site_config": [
              {
                "always_on": false,
                "api_definition_url": "",
                "api_management_api_id": "",
                "app_command_line": "",
                "application_stack": [
                  {
                    "current_stack": "node",
                    "docker_container_name": "",
                    "docker_container_registry": "",
                    "docker_container_tag": "",
                    "dotnet_version": "",
                    "java_container": "",
                    "java_container_version": "",
                    "java_version": "",
                    "node_version": "12-LTS",
                    "php_version": "",
                    "python_version": ""
                  }
                ],
                "auto_heal_enabled": false,
                "auto_heal_setting": [],
                "container_registry_managed_identity_client_id": "",
                "container_registry_use_managed_identity": false,
                "cors": [],
                "default_documents": [
                  "Default.htm",
                  "Default.html",
                  "Default.asp",
                  "index.htm",
                  "index.html",
                  "iisstart.htm",
                  "default.aspx",
                  "index.php",
                  "hostingstart.html"
                ],
                "detailed_error_logging_enabled": false,
                "ftps_state": "Disabled",
                "health_check_eviction_time_in_min": 0,
                "health_check_path": "",
                "http2_enabled": false,
                "ip_restriction": [],
                "linux_fx_version": "",
                "load_balancing_mode": "LeastRequests",
                "local_mysql_enabled": false,
                "managed_pipeline_mode": "Integrated",
                "minimum_tls_version": "1.2",
                "remote_debugging_enabled": false,
                "remote_debugging_version": "VS2019",
                "scm_ip_restriction": [],
                "scm_minimum_tls_version": "1.2",
                "scm_type": "None",
                "scm_use_main_ip_restriction": false,
                "use_32_bit_worker": true,
                "virtual_application": [],
                "vnet_route_all_enabled": false,
                "websockets_enabled": false,
                "windows_fx_version": "",
                "worker_count": 1
              }
            ],
            "site_credential": [
              {
                "name": "$resTF",
                "password": "lLACuhx859dl6qvEqiPBKum85tnrNqgfEZKFdRnNw2bjhTB6RbKCjjqTvYuw"
              }
            ],
            "storage_account": [],
            "tags": {},
            "timeouts": null
          },
          "sensitive_attributes": [],
          "private": "eyJlMmJmYjczMC1lY2FhLTExZTYtOGY4OC0zNDM2M2JjN2M0YzAiOnsiY3JlYXRlIjoxODAwMDAwMDAwMDAwLCJkZWxldGUiOjE4MDAwMDAwMDAwMDAsInJlYWQiOjMwMDAwMDAwMDAwMCwidXBkYXRlIjoxODAwMDAwMDAwMDAwfX0=",
          "dependencies": [
            "azurerm_resource_group.rg1",
            "azurerm_service_plan.sp"
          ]
        }
      ]
    }
  ],
  "check_results": null
}
